
Microsoft Visual Studio Solution File, Format Version 12.00
# Visual Studio 15
VisualStudioVersion = 15.0.27703.2042
MinimumVisualStudioVersion = 10.0.40219.1
Project("{FAE04EC0-301F-11D3-BF4B-00C04F79EFBC}") = "CPUThermalTester", "CPUThermalTester\CPUThermalTester.csproj", "{179F9677-3F46-4471-A10A-A8F11BB608C2}"
EndProject
Global
	GlobalSection(SolutionConfigurationPlatforms) = preSolution
		Debug|Any CPU = Debug|Any CPU
		Release|Any CPU = Release|Any CPU
	EndGlobalSection
	GlobalSection(ProjectConfigurationPlatforms) = postSolution
		{179F9677-3F46-4471-A10A-A8F11BB608C2}.Debug|Any CPU.ActiveCfg = Debug|Any CPU
		{179F9677-3F46-4471-A10A-A8F11BB608C2}.Debug|Any CPU.Build.0 = Debug|Any CPU
		{179F9677-3F46-4471-A10A-A8F11BB608C2}.Release|Any CPU.ActiveCfg = Release|Any CPU
		{179F9677-3F46-4471-A10A-A8F11BB608C2}.Release|Any CPU.Build.0 = Release|Any CPU
	EndGlobalSection
	GlobalSection(SolutionProperties) = preSolution
		HideSolutionNode = FALSE
	EndGlobalSection
	GlobalSection(ExtensibilityGlobals) = postSolution
		SolutionGuid = {51C6A831-516A-461D-82AA-03821701A65C}
	EndGlobalSection
EndGlobal
